
Microsoft Visual Studio Solution File, Format Version 12.00
# Visual Studio Version 16
VisualStudioVersion = 16.0.30104.148
MinimumVisualStudioVersion = 10.0.40219.1
Project("{FAE04EC0-301F-11D3-BF4B-00C04F79EFBC}") = "ScrapeLinkedinData", "ScrapeLinkedinData\ScrapeLinkedinData.csproj", "{EB95CE8B-81C1-4274-8229-8075C8C39E72}"
EndProject
Global
	GlobalSection(SolutionConfigurationPlatforms) = preSolution
		Debug|Any CPU = Debug|Any CPU
		Release|Any CPU = Release|Any CPU
	EndGlobalSection
	GlobalSection(ProjectConfigurationPlatforms) = postSolution
		{EB95CE8B-81C1-4274-8229-8075C8C39E72}.Debug|Any CPU.ActiveCfg = Debug|Any CPU
		{EB95CE8B-81C1-4274-8229-8075C8C39E72}.Debug|Any CPU.Build.0 = Debug|Any CPU
		{EB95CE8B-81C1-4274-8229-8075C8C39E72}.Release|Any CPU.ActiveCfg = Release|Any CPU
		{EB95CE8B-81C1-4274-8229-8075C8C39E72}.Release|Any CPU.Build.0 = Release|Any CPU
	EndGlobalSection
	GlobalSection(SolutionProperties) = preSolution
		HideSolutionNode = FALSE
	EndGlobalSection
	GlobalSection(ExtensibilityGlobals) = postSolution
		SolutionGuid = {489E9E53-93B3-4C1F-8BB0-42D9AF98A3C0}
	EndGlobalSection
EndGlobal
